Microsoft Visual Studio Solution File, Format Version 12.00
# Visual Studio 2012
VisualStudioVersion = 12.0.0.0
MinimumVisualStudioVersion = 10.0.0.1
<<<<<<< HEAD
Project("{FAE04EC0-301F-11D3-BF4B-00C04F79EFBC}") = "freeclimb", "src\freeclimb\freeclimb.csproj", "{2A4CCAB0-14F8-4570-ADB8-8299043B8453}"
=======
Project("{FAE04EC0-301F-11D3-BF4B-00C04F79EFBC}") = "freeclimb", "src\freeclimb\freeclimb.csproj", "{DC1AC118-E69C-408A-9039-339EB989B3ED}"
>>>>>>> 0734518 (Regenerated models and tests for csharp sdk due to rebase, all test are passing)
EndProject
Project("{FAE04EC0-301F-11D3-BF4B-00C04F79EFBC}") = "freeclimb.Test", "src\freeclimb.Test\freeclimb.Test.csproj", "{19F1DEBC-DE5E-4517-8062-F000CD499087}"
EndProject
Global
	GlobalSection(SolutionConfigurationPlatforms) = preSolution
		Debug|Any CPU = Debug|Any CPU
		Release|Any CPU = Release|Any CPU
	EndGlobalSection
	GlobalSection(ProjectConfigurationPlatforms) = postSolution
<<<<<<< HEAD
		{2A4CCAB0-14F8-4570-ADB8-8299043B8453}.Debug|Any CPU.ActiveCfg = Debug|Any CPU
		{2A4CCAB0-14F8-4570-ADB8-8299043B8453}.Debug|Any CPU.Build.0 = Debug|Any CPU
		{2A4CCAB0-14F8-4570-ADB8-8299043B8453}.Release|Any CPU.ActiveCfg = Release|Any CPU
		{2A4CCAB0-14F8-4570-ADB8-8299043B8453}.Release|Any CPU.Build.0 = Release|Any CPU
=======
		{DC1AC118-E69C-408A-9039-339EB989B3ED}.Debug|Any CPU.ActiveCfg = Debug|Any CPU
		{DC1AC118-E69C-408A-9039-339EB989B3ED}.Debug|Any CPU.Build.0 = Debug|Any CPU
		{DC1AC118-E69C-408A-9039-339EB989B3ED}.Release|Any CPU.ActiveCfg = Release|Any CPU
		{DC1AC118-E69C-408A-9039-339EB989B3ED}.Release|Any CPU.Build.0 = Release|Any CPU
>>>>>>> 0734518 (Regenerated models and tests for csharp sdk due to rebase, all test are passing)
		{19F1DEBC-DE5E-4517-8062-F000CD499087}.Debug|Any CPU.ActiveCfg = Debug|Any CPU
		{19F1DEBC-DE5E-4517-8062-F000CD499087}.Debug|Any CPU.Build.0 = Debug|Any CPU
		{19F1DEBC-DE5E-4517-8062-F000CD499087}.Release|Any CPU.ActiveCfg = Release|Any CPU
		{19F1DEBC-DE5E-4517-8062-F000CD499087}.Release|Any CPU.Build.0 = Release|Any CPU
	EndGlobalSection
	GlobalSection(SolutionProperties) = preSolution
		HideSolutionNode = FALSE
	EndGlobalSection
EndGlobal